// !$*UTF8*$!
{
	archiveVersion = 1;
	classes = {
	};
	objectVersion = 46;
	objects = {

/* Begin PBXBuildFile section */
		D0DF98D218DFC73E00C2FB57 /* Foundation.framework in Frameworks */ = {isa = PBXBuildFile; fileRef = D0DF98D118DFC73E00C2FB57 /* Foundation.framework */; };
		D0DF98D418DFC73E00C2FB57 /* CoreGraphics.framework in Frameworks */ = {isa = PBXBuildFile; fileRef = D0DF98D318DFC73E00C2FB57 /* CoreGraphics.framework */; };
		D0DF98D618DFC73E00C2FB57 /* UIKit.framework in Frameworks */ = {isa = PBXBuildFile; fileRef = D0DF98D518DFC73E00C2FB57 /* UIKit.framework */; };
		D0DF98DC18DFC73E00C2FB57 /* InfoPlist.strings in Resources */ = {isa = PBXBuildFile; fileRef = D0DF98DA18DFC73E00C2FB57 /* InfoPlist.strings */; };
		D0DF98DE18DFC73E00C2FB57 /* main.m in Sources */ = {isa = PBXBuildFile; fileRef = D0DF98DD18DFC73E00C2FB57 /* main.m */; };
		D0DF98E218DFC73E00C2FB57 /* RSAppDelegate.m in Sources */ = {isa = PBXBuildFile; fileRef = D0DF98E118DFC73E00C2FB57 /* RSAppDelegate.m */; };
		D0DF98E518DFC73E00C2FB57 /* Main.storyboard in Resources */ = {isa = PBXBuildFile; fileRef = D0DF98E318DFC73E00C2FB57 /* Main.storyboard */; };
		D0DF98E818DFC73E00C2FB57 /* RSViewController.m in Sources */ = {isa = PBXBuildFile; fileRef = D0DF98E718DFC73E00C2FB57 /* RSViewController.m */; };
		D0DF98EA18DFC73E00C2FB57 /* Images.xcassets in Resources */ = {isa = PBXBuildFile; fileRef = D0DF98E918DFC73E00C2FB57 /* Images.xcassets */; };
		D0DF98F118DFC73E00C2FB57 /* XCTest.framework in Frameworks */ = {isa = PBXBuildFile; fileRef = D0DF98F018DFC73E00C2FB57 /* XCTest.framework */; };
		D0DF98F218DFC73E00C2FB57 /* Foundation.framework in Frameworks */ = {isa = PBXBuildFile; fileRef = D0DF98D118DFC73E00C2FB57 /* Foundation.framework */; };
		D0DF98F318DFC73E00C2FB57 /* UIKit.framework in Frameworks */ = {isa = PBXBuildFile; fileRef = D0DF98D518DFC73E00C2FB57 /* UIKit.framework */; };
		D0DF98FB18DFC73E00C2FB57 /* InfoPlist.strings in Resources */ = {isa = PBXBuildFile; fileRef = D0DF98F918DFC73E00C2FB57 /* InfoPlist.strings */; };
		D0DF98FD18DFC73E00C2FB57 /* BmobWrapperSampleTests.m in Sources */ = {isa = PBXBuildFile; fileRef = D0DF98FC18DFC73E00C2FB57 /* BmobWrapperSampleTests.m */; };
/* End PBXBuildFile section */

/* Begin PBXContainerItemProxy section */
		D0DF98F418DFC73E00C2FB57 /* PBXContainerItemProxy */ = {
			isa = PBXContainerItemProxy;
			containerPortal = D0DF98C618DFC73E00C2FB57 /* Project object */;
			proxyType = 1;
			remoteGlobalIDString = D0DF98CD18DFC73E00C2FB57;
			remoteInfo = BmobWrapperSample;
		};
/* End PBXContainerItemProxy section */

/* Begin PBXFileReference section */
		D0DF98CE18DFC73E00C2FB57 /* BmobWrapperSample.app */ = {isa = PBXFileReference; explicitFileType = wrapper.application; includeInIndex = 0; path = BmobWrapperSample.app; sourceTree = BUILT_PRODUCTS_DIR; };
		D0DF98D118DFC73E00C2FB57 /* Foundation.framework */ = {isa = PBXFileReference; lastKnownFileType = wrapper.framework; name = Foundation.framework; path = System/Library/Frameworks/Foundation.framework; sourceTree = SDKROOT; };
		D0DF98D318DFC73E00C2FB57 /* CoreGraphics.framework */ = {isa = PBXFileReference; lastKnownFileType = wrapper.framework; name = CoreGraphics.framework; path = System/Library/Frameworks/CoreGraphics.framework; sourceTree = SDKROOT; };
		D0DF98D518DFC73E00C2FB57 /* UIKit.framework */ = {isa = PBXFileReference; lastKnownFileType = wrapper.framework; name = UIKit.framework; path = System/Library/Frameworks/UIKit.framework; sourceTree = SDKROOT; };
		D0DF98D918DFC73E00C2FB57 /* BmobWrapperSample-Info.plist */ = {isa = PBXFileReference; lastKnownFileType = text.plist.xml; path = "BmobWrapperSample-Info.plist"; sourceTree = "<group>"; };
		D0DF98DB18DFC73E00C2FB57 /* en */ = {isa = PBXFileReference; lastKnownFileType = text.plist.strings; name = en; path = en.lproj/InfoPlist.strings; sourceTree = "<group>"; };
		D0DF98DD18DFC73E00C2FB57 /* main.m */ = {isa = PBXFileReference; lastKnownFileType = sourcecode.c.objc; path = main.m; sourceTree = "<group>"; };
		D0DF98DF18DFC73E00C2FB57 /* BmobWrapperSample-Prefix.pch */ = {isa = PBXFileReference; lastKnownFileType = sourcecode.c.h; path = "BmobWrapperSample-Prefix.pch"; sourceTree = "<group>"; };
		D0DF98E018DFC73E00C2FB57 /* RSAppDelegate.h */ = {isa = PBXFileReference; lastKnownFileType = sourcecode.c.h; path = RSAppDelegate.h; sourceTree = "<group>"; };
		D0DF98E118DFC73E00C2FB57 /* RSAppDelegate.m */ = {isa = PBXFileReference; lastKnownFileType = sourcecode.c.objc; path = RSAppDelegate.m; sourceTree = "<group>"; };
		D0DF98E418DFC73E00C2FB57 /* Base */ = {isa = PBXFileReference; lastKnownFileType = file.storyboard; name = Base; path = Base.lproj/Main.storyboard; sourceTree = "<group>"; };
		D0DF98E618DFC73E00C2FB57 /* RSViewController.h */ = {isa = PBXFileReference; lastKnownFileType = sourcecode.c.h; path = RSViewController.h; sourceTree = "<group>"; };
		D0DF98E718DFC73E00C2FB57 /* RSViewController.m */ = {isa = PBXFileReference; lastKnownFileType = sourcecode.c.objc; path = RSViewController.m; sourceTree = "<group>"; };
		D0DF98E918DFC73E00C2FB57 /* Images.xcassets */ = {isa = PBXFileReference; lastKnownFileType = folder.assetcatalog; path = Images.xcassets; sourceTree = "<group>"; };
		D0DF98EF18DFC73E00C2FB57 /* BmobWrapperSampleTests.xctest */ = {isa = PBXFileReference; explicitFileType = wrapper.cfbundle; includeInIndex = 0; path = BmobWrapperSampleTests.xctest; sourceTree = BUILT_PRODUCTS_DIR; };
		D0DF98F018DFC73E00C2FB57 /* XCTest.framework */ = {isa = PBXFileReference; lastKnownFileType = wrapper.framework; name = XCTest.framework; path = Library/Frameworks/XCTest.framework; sourceTree = DEVELOPER_DIR; };
		D0DF98F818DFC73E00C2FB57 /* BmobWrapperSampleTests-Info.plist */ = {isa = PBXFileReference; lastKnownFileType = text.plist.xml; path = "BmobWrapperSampleTests-Info.plist"; sourceTree = "<group>"; };
		D0DF98FA18DFC73E00C2FB57 /* en */ = {isa = PBXFileReference; lastKnownFileType = text.plist.strings; name = en; path = en.lproj/InfoPlist.strings; sourceTree = "<group>"; };
		D0DF98FC18DFC73E00C2FB57 /* BmobWrapperSampleTests.m */ = {isa = PBXFileReference; lastKnownFileType = sourcecode.c.objc; path = BmobWrapperSampleTests.m; sourceTree = "<group>"; };
/* End PBXFileReference section */

/* Begin PBXFrameworksBuildPhase section */
		D0DF98CB18DFC73E00C2FB57 /* Frameworks */ = {
			isa = PBXFrameworksBuildPhase;
			buildActionMask = 2147483647;
			files = (
				D0DF98D418DFC73E00C2FB57 /* CoreGraphics.framework in Frameworks */,
				D0DF98D618DFC73E00C2FB57 /* UIKit.framework in Frameworks */,
				D0DF98D218DFC73E00C2FB57 /* Foundation.framework in Frameworks */,
			);
			runOnlyForDeploymentPostprocessing = 0;
		};
		D0DF98EC18DFC73E00C2FB57 /* Frameworks */ = {
			isa = PBXFrameworksBuildPhase;
			buildActionMask = 2147483647;
			files = (
				D0DF98F118DFC73E00C2FB57 /* XCTest.framework in Frameworks */,
				D0DF98F318DFC73E00C2FB57 /* UIKit.framework in Frameworks */,
				D0DF98F218DFC73E00C2FB57 /* Foundation.framework in Frameworks */,
			);
			runOnlyForDeploymentPostprocessing = 0;
		};
/* End PBXFrameworksBuildPhase section */

/* Begin PBXGroup section */
		D0DF98C518DFC73E00C2FB57 = {
			isa = PBXGroup;
			children = (
				D0DF98D718DFC73E00C2FB57 /* BmobWrapperSample */,
				D0DF98F618DFC73E00C2FB57 /* BmobWrapperSampleTests */,
				D0DF98D018DFC73E00C2FB57 /* Frameworks */,
				D0DF98CF18DFC73E00C2FB57 /* Products */,
			);
			sourceTree = "<group>";
		};
		D0DF98CF18DFC73E00C2FB57 /* Products */ = {
			isa = PBXGroup;
			children = (
				D0DF98CE18DFC73E00C2FB57 /* BmobWrapperSample.app */,
				D0DF98EF18DFC73E00C2FB57 /* BmobWrapperSampleTests.xctest */,
			);
			name = Products;
			sourceTree = "<group>";
		};
		D0DF98D018DFC73E00C2FB57 /* Frameworks */ = {
			isa = PBXGroup;
			children = (
				D0DF98D118DFC73E00C2FB57 /* Foundation.framework */,
				D0DF98D318DFC73E00C2FB57 /* CoreGraphics.framework */,
				D0DF98D518DFC73E00C2FB57 /* UIKit.framework */,
				D0DF98F018DFC73E00C2FB57 /* XCTest.framework */,
			);
			name = Frameworks;
			sourceTree = "<group>";
		};
		D0DF98D718DFC73E00C2FB57 /* BmobWrapperSample */ = {
			isa = PBXGroup;
			children = (
				D0DF98E018DFC73E00C2FB57 /* RSAppDelegate.h */,
				D0DF98E118DFC73E00C2FB57 /* RSAppDelegate.m */,
				D0DF98E318DFC73E00C2FB57 /* Main.storyboard */,
				D0DF98E618DFC73E00C2FB57 /* RSViewController.h */,
				D0DF98E718DFC73E00C2FB57 /* RSViewController.m */,
				D0DF98E918DFC73E00C2FB57 /* Images.xcassets */,
				D0DF98D818DFC73E00C2FB57 /* Supporting Files */,
			);
			path = BmobWrapperSample;
			sourceTree = "<group>";
		};
		D0DF98D818DFC73E00C2FB57 /* Supporting Files */ = {
			isa = PBXGroup;
			children = (
				D0DF98D918DFC73E00C2FB57 /* BmobWrapperSample-Info.plist */,
				D0DF98DA18DFC73E00C2FB57 /* InfoPlist.strings */,
				D0DF98DD18DFC73E00C2FB57 /* main.m */,
				D0DF98DF18DFC73E00C2FB57 /* BmobWrapperSample-Prefix.pch */,
			);
			name = "Supporting Files";
			sourceTree = "<group>";
		};
		D0DF98F618DFC73E00C2FB57 /* BmobWrapperSampleTests */ = {
			isa = PBXGroup;
			children = (
				D0DF98FC18DFC73E00C2FB57 /* BmobWrapperSampleTests.m */,
				D0DF98F718DFC73E00C2FB57 /* Supporting Files */,
			);
			path = BmobWrapperSampleTests;
			sourceTree = "<group>";
		};
		D0DF98F718DFC73E00C2FB57 /* Supporting Files */ = {
			isa = PBXGroup;
			children = (
				D0DF98F818DFC73E00C2FB57 /* BmobWrapperSampleTests-Info.plist */,
				D0DF98F918DFC73E00C2FB57 /* InfoPlist.strings */,
			);
			name = "Supporting Files";
			sourceTree = "<group>";
		};
/* End PBXGroup section */

/* Begin PBXNativeTarget section */
		D0DF98CD18DFC73E00C2FB57 /* BmobWrapperSample */ = {
			isa = PBXNativeTarget;
			buildConfigurationList = D0DF990018DFC73E00C2FB57 /* Build configuration list for PBXNativeTarget "BmobWrapperSample" */;
			buildPhases = (
				D0DF98CA18DFC73E00C2FB57 /* Sources */,
				D0DF98CB18DFC73E00C2FB57 /* Frameworks */,
				D0DF98CC18DFC73E00C2FB57 /* Resources */,
			);
			buildRules = (
			);
			dependencies = (
			);
			name = BmobWrapperSample;
			productName = BmobWrapperSample;
			productReference = D0DF98CE18DFC73E00C2FB57 /* BmobWrapperSample.app */;
			productType = "com.apple.product-type.application";
		};
		D0DF98EE18DFC73E00C2FB57 /* BmobWrapperSampleTests */ = {
			isa = PBXNativeTarget;
			buildConfigurationList = D0DF990318DFC73E00C2FB57 /* Build configuration list for PBXNativeTarget "BmobWrapperSampleTests" */;
			buildPhases = (
				D0DF98EB18DFC73E00C2FB57 /* Sources */,
				D0DF98EC18DFC73E00C2FB57 /* Frameworks */,
				D0DF98ED18DFC73E00C2FB57 /* Resources */,
			);
			buildRules = (
			);
			dependencies = (
				D0DF98F518DFC73E00C2FB57 /* PBXTargetDependency */,
			);
			name = BmobWrapperSampleTests;
			productName = BmobWrapperSampleTests;
			productReference = D0DF98EF18DFC73E00C2FB57 /* BmobWrapperSampleTests.xctest */;
			productType = "com.apple.product-type.bundle.unit-test";
		};
/* End PBXNativeTarget section */

/* Begin PBXProject section */
		D0DF98C618DFC73E00C2FB57 /* Project object */ = {
			isa = PBXProject;
			attributes = {
				CLASSPREFIX = RS;
				LastUpgradeCheck = 0510;
				ORGANIZATIONNAME = P.D.Q.;
				TargetAttributes = {
					D0DF98EE18DFC73E00C2FB57 = {
						TestTargetID = D0DF98CD18DFC73E00C2FB57;
					};
				};
			};
			buildConfigurationList = D0DF98C918DFC73E00C2FB57 /* Build configuration list for PBXProject "BmobWrapperSample" */;
			compatibilityVersion = "Xcode 3.2";
			developmentRegion = English;
			hasScannedForEncodings = 0;
			knownRegions = (
				en,
				Base,
			);
			mainGroup = D0DF98C518DFC73E00C2FB57;
			productRefGroup = D0DF98CF18DFC73E00C2FB57 /* Products */;
			projectDirPath = "";
			projectRoot = "";
			targets = (
				D0DF98CD18DFC73E00C2FB57 /* BmobWrapperSample */,
				D0DF98EE18DFC73E00C2FB57 /* BmobWrapperSampleTests */,
			);
		};
/* End PBXProject section */

/* Begin PBXResourcesBuildPhase section */
		D0DF98CC18DFC73E00C2FB57 /* Resources */ = {
			isa = PBXResourcesBuildPhase;
			buildActionMask = 2147483647;
			files = (
				D0DF98EA18DFC73E00C2FB57 /* Images.xcassets in Resources */,
				D0DF98DC18DFC73E00C2FB57 /* InfoPlist.strings in Resources */,
				D0DF98E518DFC73E00C2FB57 /* Main.storyboard in Resources */,
			);
			runOnlyForDeploymentPostprocessing = 0;
		};
		D0DF98ED18DFC73E00C2FB57 /* Resources */ = {
			isa = PBXResourcesBuildPhase;
			buildActionMask = 2147483647;
			files = (
				D0DF98FB18DFC73E00C2FB57 /* InfoPlist.strings in Resources */,
			);
			runOnlyForDeploymentPostprocessing = 0;
		};
/* End PBXResourcesBuildPhase section */

/* Begin PBXSourcesBuildPhase section */
		D0DF98CA18DFC73E00C2FB57 /* Sources */ = {
			isa = PBXSourcesBuildPhase;
			buildActionMask = 2147483647;
			files = (
				D0DF98DE18DFC73E00C2FB57 /* main.m in Sources */,
				D0DF98E218DFC73E00C2FB57 /* RSAppDelegate.m in Sources */,
				D0DF98E818DFC73E00C2FB57 /* RSViewController.m in Sources */,
			);
			runOnlyForDeploymentPostprocessing = 0;
		};
		D0DF98EB18DFC73E00C2FB57 /* Sources */ = {
			isa = PBXSourcesBuildPhase;
			buildActionMask = 2147483647;
			files = (
				D0DF98FD18DFC73E00C2FB57 /* BmobWrapperSampleTests.m in Sources */,
			);
			runOnlyForDeploymentPostprocessing = 0;
		};
/* End PBXSourcesBuildPhase section */

/* Begin PBXTargetDependency section */
		D0DF98F518DFC73E00C2FB57 /* PBXTargetDependency */ = {
			isa = PBXTargetDependency;
			target = D0DF98CD18DFC73E00C2FB57 /* BmobWrapperSample */;
			targetProxy = D0DF98F418DFC73E00C2FB57 /* PBXContainerItemProxy */;
		};
/* End PBXTargetDependency section */

/* Begin PBXVariantGroup section */
		D0DF98DA18DFC73E00C2FB57 /* InfoPlist.strings */ = {
			isa = PBXVariantGroup;
			children = (
				D0DF98DB18DFC73E00C2FB57 /* en */,
			);
			name = InfoPlist.strings;
			sourceTree = "<group>";
		};
		D0DF98E318DFC73E00C2FB57 /* Main.storyboard */ = {
			isa = PBXVariantGroup;
			children = (
				D0DF98E418DFC73E00C2FB57 /* Base */,
			);
			name = Main.storyboard;
			sourceTree = "<group>";
		};
		D0DF98F918DFC73E00C2FB57 /* InfoPlist.strings */ = {
			isa = PBXVariantGroup;
			children = (
				D0DF98FA18DFC73E00C2FB57 /* en */,
			);
			name = InfoPlist.strings;
			sourceTree = "<group>";
		};
/* End PBXVariantGroup section */

/* Begin XCBuildConfiguration section */
		D0DF98FE18DFC73E00C2FB57 /* Debug */ = {
			isa = XCBuildConfiguration;
			buildSettings = {
				ALWAYS_SEARCH_USER_PATHS = NO;
				CLANG_CXX_LANGUAGE_STANDARD = "gnu++0x";
				CLANG_CXX_LIBRARY = "libc++";
				CLANG_ENABLE_MODULES = YES;
				CLANG_ENABLE_OBJC_ARC = YES;
				CLANG_WARN_BOOL_CONVERSION = YES;
				CLANG_WARN_CONSTANT_CONVERSION = YES;
				CLANG_WARN_DIRECT_OBJC_ISA_USAGE = YES_ERROR;
				CLANG_WARN_EMPTY_BODY = YES;
				CLANG_WARN_ENUM_CONVERSION = YES;
				CLANG_WARN_INT_CONVERSION = YES;
				CLANG_WARN_OBJC_ROOT_CLASS = YES_ERROR;
				CLANG_WARN__DUPLICATE_METHOD_MATCH = YES;
				"CODE_SIGN_IDENTITY[sdk=iphoneos*]" = "iPhone Developer";
				COPY_PHASE_STRIP = NO;
				GCC_C_LANGUAGE_STANDARD = gnu99;
				GCC_DYNAMIC_NO_PIC = NO;
				GCC_OPTIMIZATION_LEVEL = 0;
				GCC_PREPROCESSOR_DEFINITIONS = (
					"DEBUG=1",
					"$(inherited)",
				);
				GCC_SYMBOLS_PRIVATE_EXTERN = NO;
				GCC_WARN_64_TO_32_BIT_CONVERSION = YES;
				GCC_WARN_ABOUT_RETURN_TYPE = YES_ERROR;
				GCC_WARN_UNDECLARED_SELECTOR = YES;
				GCC_WARN_UNINITIALIZED_AUTOS = YES_AGGRESSIVE;
				GCC_WARN_UNUSED_FUNCTION = YES;
				GCC_WARN_UNUSED_VARIABLE = YES;
				IPHONEOS_DEPLOYMENT_TARGET = 7.1;
				ONLY_ACTIVE_ARCH = YES;
				SDKROOT = iphoneos;
			};
			name = Debug;
		};
		D0DF98FF18DFC73E00C2FB57 /* Release */ = {
			isa = XCBuildConfiguration;
			buildSettings = {
				ALWAYS_SEARCH_USER_PATHS = NO;
				CLANG_CXX_LANGUAGE_STANDARD = "gnu++0x";
				CLANG_CXX_LIBRARY = "libc++";
				CLANG_ENABLE_MODULES = YES;
				CLANG_ENABLE_OBJC_ARC = YES;
				CLANG_WARN_BOOL_CONVERSION = YES;
				CLANG_WARN_CONSTANT_CONVERSION = YES;
				CLANG_WARN_DIRECT_OBJC_ISA_USAGE = YES_ERROR;
				CLANG_WARN_EMPTY_BODY = YES;
				CLANG_WARN_ENUM_CONVERSION = YES;
				CLANG_WARN_INT_CONVERSION = YES;
				CLANG_WARN_OBJC_ROOT_CLASS = YES_ERROR;
				CLANG_WARN__DUPLICATE_METHOD_MATCH = YES;
				"CODE_SIGN_IDENTITY[sdk=iphoneos*]" = "iPhone Developer";
				COPY_PHASE_STRIP = YES;
				ENABLE_NS_ASSERTIONS = NO;
				GCC_C_LANGUAGE_STANDARD = gnu99;
				GCC_WARN_64_TO_32_BIT_CONVERSION = YES;
				GCC_WARN_ABOUT_RETURN_TYPE = YES_ERROR;
				GCC_WARN_UNDECLARED_SELECTOR = YES;
				GCC_WARN_UNINITIALIZED_AUTOS = YES_AGGRESSIVE;
				GCC_WARN_UNUSED_FUNCTION = YES;
				GCC_WARN_UNUSED_VARIABLE = YES;
				IPHONEOS_DEPLOYMENT_TARGET = 7.1;
				SDKROOT = iphoneos;
				VALIDATE_PRODUCT = YES;
			};
			name = Release;
		};
		D0DF990118DFC73E00C2FB57 /* Debug */ = {
			isa = XCBuildConfiguration;
			buildSettings = {
				ASSETCATALOG_COMPILER_APPICON_NAME = AppIcon;
				ASSETCATALOG_COMPILER_LAUNCHIMAGE_NAME = LaunchImage;
				GCC_PRECOMPILE_PREFIX_HEADER = YES;
				GCC_PREFIX_HEADER = "BmobWrapperSample/BmobWrapperSample-Prefix.pch";
				INFOPLIST_FILE = "BmobWrapperSample/BmobWrapperSample-Info.plist";
				PRODUCT_NAME = "$(TARGET_NAME)";
				WRAPPER_EXTENSION = app;
			};
			name = Debug;
		};
		D0DF990218DFC73E00C2FB57 /* Release */ = {
			isa = XCBuildConfiguration;
			buildSettings = {
				ASSETCATALOG_COMPILER_APPICON_NAME = AppIcon;
				ASSETCATALOG_COMPILER_LAUNCHIMAGE_NAME = LaunchImage;
				GCC_PRECOMPILE_PREFIX_HEADER = YES;
				GCC_PREFIX_HEADER = "BmobWrapperSample/BmobWrapperSample-Prefix.pch";
				INFOPLIST_FILE = "BmobWrapperSample/BmobWrapperSample-Info.plist";
				PRODUCT_NAME = "$(TARGET_NAME)";
				WRAPPER_EXTENSION = app;
			};
			name = Release;
		};
		D0DF990418DFC73E00C2FB57 /* Debug */ = {
			isa = XCBuildConfiguration;
			buildSettings = {
				BUNDLE_LOADER = "$(BUILT_PRODUCTS_DIR)/BmobWrapperSample.app/BmobWrapperSample";
				FRAMEWORK_SEARCH_PATHS = (
					"$(SDKROOT)/Developer/Library/Frameworks",
					"$(inherited)",
					"$(DEVELOPER_FRAMEWORKS_DIR)",
				);
				GCC_PRECOMPILE_PREFIX_HEADER = YES;
				GCC_PREFIX_HEADER = "BmobWrapperSample/BmobWrapperSample-Prefix.pch";
				GCC_PREPROCESSOR_DEFINITIONS = (
					"DEBUG=1",
					"$(inherited)",
				);
				INFOPLIST_FILE = "BmobWrapperSampleTests/BmobWrapperSampleTests-Info.plist";
				PRODUCT_NAME = "$(TARGET_NAME)";
				TEST_HOST = "$(BUNDLE_LOADER)";
				WRAPPER_EXTENSION = xctest;
			};
			name = Debug;
		};
		D0DF990518DFC73E00C2FB57 /* Release */ = {
			isa = XCBuildConfiguration;
			buildSettings = {
				BUNDLE_LOADER = "$(BUILT_PRODUCTS_DIR)/BmobWrapperSample.app/BmobWrapperSample";
				FRAMEWORK_SEARCH_PATHS = (
					"$(SDKROOT)/Developer/Library/Frameworks",
					"$(inherited)",
					"$(DEVELOPER_FRAMEWORKS_DIR)",
				);
				GCC_PRECOMPILE_PREFIX_HEADER = YES;
				GCC_PREFIX_HEADER = "BmobWrapperSample/BmobWrapperSample-Prefix.pch";
				INFOPLIST_FILE = "BmobWrapperSampleTests/BmobWrapperSampleTests-Info.plist";
				PRODUCT_NAME = "$(TARGET_NAME)";
				TEST_HOST = "$(BUNDLE_LOADER)";
				WRAPPER_EXTENSION = xctest;
			};
			name = Release;
		};
/* End XCBuildConfiguration section */

/* Begin XCConfigurationList section */
		D0DF98C918DFC73E00C2FB57 /* Build configuration list for PBXProject "BmobWrapperSample" */ = {
			isa = XCConfigurationList;
			buildConfigurations = (
				D0DF98FE18DFC73E00C2FB57 /* Debug */,
				D0DF98FF18DFC73E00C2FB57 /* Release */,
			);
			defaultConfigurationIsVisible = 0;
			defaultConfigurationName = Release;
		};
		D0DF990018DFC73E00C2FB57 /* Build configuration list for PBXNativeTarget "BmobWrapperSample" */ = {
			isa = XCConfigurationList;
			buildConfigurations = (
				D0DF990118DFC73E00C2FB57 /* Debug */,
				D0DF990218DFC73E00C2FB57 /* Release */,
			);
			defaultConfigurationIsVisible = 0;
		};
		D0DF990318DFC73E00C2FB57 /* Build configuration list for PBXNativeTarget "BmobWrapperSampleTests" */ = {
			isa = XCConfigurationList;
			buildConfigurations = (
				D0DF990418DFC73E00C2FB57 /* Debug */,
				D0DF990518DFC73E00C2FB57 /* Release */,
			);
			defaultConfigurationIsVisible = 0;
		};
/* End XCConfigurationList section */
	};
	rootObject = D0DF98C618DFC73E00C2FB57 /* Project object */;
}
